
Microsoft Visual Studio Solution File, Format Version 12.00
Project("{FAE04EC0-301F-11D3-BF4B-00C04F79EFBC}") = "SmartLockerLabelsSN", "SmartLockerLabelsSN\SmartLockerLabelsSN.csproj", "{315A953D-ED7F-4680-9024-8EE44EA86250}"
EndProject
Global
	GlobalSection(SolutionConfigurationPlatforms) = preSolution
		Debug|Any CPU = Debug|Any CPU
		Release|Any CPU = Release|Any CPU
	EndGlobalSection
	GlobalSection(ProjectConfigurationPlatforms) = postSolution
		{315A953D-ED7F-4680-9024-8EE44EA86250}.Debug|Any CPU.ActiveCfg = Debug|Any CPU
		{315A953D-ED7F-4680-9024-8EE44EA86250}.Debug|Any CPU.Build.0 = Debug|Any CPU
		{315A953D-ED7F-4680-9024-8EE44EA86250}.Release|Any CPU.ActiveCfg = Release|Any CPU
		{315A953D-ED7F-4680-9024-8EE44EA86250}.Release|Any CPU.Build.0 = Release|Any CPU
	EndGlobalSection
EndGlobal
